
Microsoft Visual Studio Solution File, Format Version 12.00
# Visual Studio Version 17
VisualStudioVersion = 17.7.34202.233
MinimumVisualStudioVersion = 10.0.40219.1
Project("{FAE04EC0-301F-11D3-BF4B-00C04F79EFBC}") = "MongoDb.UserInterface", "MongoDb.UserInterface\MongoDb.UserInterface.csproj", "{FDAAEE8D-9700-4E84-BB11-C201288E64FD}"
EndProject
Global
	GlobalSection(SolutionConfigurationPlatforms) = preSolution
		Debug|Any CPU = Debug|Any CPU
		Release|Any CPU = Release|Any CPU
	EndGlobalSection
	GlobalSection(ProjectConfigurationPlatforms) = postSolution
		{FDAAEE8D-9700-4E84-BB11-C201288E64FD}.Debug|Any CPU.ActiveCfg = Debug|Any CPU
		{FDAAEE8D-9700-4E84-BB11-C201288E64FD}.Debug|Any CPU.Build.0 = Debug|Any CPU
		{FDAAEE8D-9700-4E84-BB11-C201288E64FD}.Release|Any CPU.ActiveCfg = Release|Any CPU
		{FDAAEE8D-9700-4E84-BB11-C201288E64FD}.Release|Any CPU.Build.0 = Release|Any CPU
	EndGlobalSection
	GlobalSection(SolutionProperties) = preSolution
		HideSolutionNode = FALSE
	EndGlobalSection
	GlobalSection(ExtensibilityGlobals) = postSolution
		SolutionGuid = {44850763-B6B6-4315-837E-30BCB905B8C2}
	EndGlobalSection
EndGlobal
